// !$*UTF8*$!
{
	archiveVersion = 1;
	classes = {
	};
	objectVersion = 56;
	objects = {

/* Begin PBXBuildFile section */
		AF0558372CABA1F000ABEBA3 /* WalletMerchantModel.swift in Sources */ = {isa = PBXBuildFile; fileRef = AF0558362CABA1F000ABEBA3 /* WalletMerchantModel.swift */; };
		AF13C84F2CABB83000496B0C /* ZoomoovRedemptionViewModel.swift in Sources */ = {isa = PBXBuildFile; fileRef = AF13C84E2CABB83000496B0C /* ZoomoovRedemptionViewModel.swift */; };
		AF13C8512CABB99000496B0C /* PurchaseModel.swift in Sources */ = {isa = PBXBuildFile; fileRef = AF13C8502CABB99000496B0C /* PurchaseModel.swift */; };
		AF13C8532CAC10C900496B0C /* RedemptionModel.swift in Sources */ = {isa = PBXBuildFile; fileRef = AF13C8522CAC10C800496B0C /* RedemptionModel.swift */; };
		AF13C8552CAF980300496B0C /* TicketView.swift in Sources */ = {isa = PBXBuildFile; fileRef = AF13C8542CAF980300496B0C /* TicketView.swift */; };
		AF13C8572CAF98EF00496B0C /* ZoomoovBottomSheet.swift in Sources */ = {isa = PBXBuildFile; fileRef = AF13C8562CAF98EF00496B0C /* ZoomoovBottomSheet.swift */; };
		AF13C8592CAFCA9700496B0C /* Redemption.swift in Sources */ = {isa = PBXBuildFile; fileRef = AF13C8582CAFCA9700496B0C /* Redemption.swift */; };
		AF13C85B2CAFCAE200496B0C /* Purchase.swift in Sources */ = {isa = PBXBuildFile; fileRef = AF13C85A2CAFCAE200496B0C /* Purchase.swift */; };
		AF13C85D2CAFCB1000496B0C /* PurchaseProduct.swift in Sources */ = {isa = PBXBuildFile; fileRef = AF13C85C2CAFCB1000496B0C /* PurchaseProduct.swift */; };
		AF13C85F2CAFCB2900496B0C /* WalletMerchant.swift in Sources */ = {isa = PBXBuildFile; fileRef = AF13C85E2CAFCB2900496B0C /* WalletMerchant.swift */; };
		AF16A0F82C8567190093CD99 /* CheckoutView.swift in Sources */ = {isa = PBXBuildFile; fileRef = AF16A0F72C8567190093CD99 /* CheckoutView.swift */; };
		AF16A0FB2C86B96F0093CD99 /* Keys.swift in Sources */ = {isa = PBXBuildFile; fileRef = AF16A0FA2C86B96F0093CD99 /* Keys.swift */; };
		AF16A0FD2C86C43A0093CD99 /* MyWalletView.swift in Sources */ = {isa = PBXBuildFile; fileRef = AF16A0FC2C86C43A0093CD99 /* MyWalletView.swift */; };
		AF170B0A2C71C02B00544970 /* Assets.xcassets in Resources */ = {isa = PBXBuildFile; fileRef = AF170B092C71C02B00544970 /* Assets.xcassets */; };
		AF170B0D2C71C02B00544970 /* Base in Resources */ = {isa = PBXBuildFile; fileRef = AF170B0C2C71C02B00544970 /* Base */; };
		AF1FAC472C79B0E100654FB7 /* AuthView.swift in Sources */ = {isa = PBXBuildFile; fileRef = AF1FAC462C79B0E100654FB7 /* AuthView.swift */; };
		AF1FAC492C79B12A00654FB7 /* View.swift in Sources */ = {isa = PBXBuildFile; fileRef = AF1FAC482C79B12A00654FB7 /* View.swift */; };
		AF1FAC572C79CEDD00654FB7 /* Roboto-LightItalic.ttf in Resources */ = {isa = PBXBuildFile; fileRef = AF1FAC4B2C79CEDD00654FB7 /* Roboto-LightItalic.ttf */; };
		AF1FAC582C79CEDD00654FB7 /* Roboto-Regular.ttf in Resources */ = {isa = PBXBuildFile; fileRef = AF1FAC4C2C79CEDD00654FB7 /* Roboto-Regular.ttf */; };
		AF1FAC592C79CEDD00654FB7 /* Roboto-Thin.ttf in Resources */ = {isa = PBXBuildFile; fileRef = AF1FAC4D2C79CEDD00654FB7 /* Roboto-Thin.ttf */; };
		AF1FAC5A2C79CEDD00654FB7 /* Roboto-Light.ttf in Resources */ = {isa = PBXBuildFile; fileRef = AF1FAC4E2C79CEDD00654FB7 /* Roboto-Light.ttf */; };
		AF1FAC5B2C79CEDD00654FB7 /* Roboto-BlackItalic.ttf in Resources */ = {isa = PBXBuildFile; fileRef = AF1FAC4F2C79CEDD00654FB7 /* Roboto-BlackItalic.ttf */; };
		AF1FAC5C2C79CEDD00654FB7 /* Roboto-BoldItalic.ttf in Resources */ = {isa = PBXBuildFile; fileRef = AF1FAC502C79CEDD00654FB7 /* Roboto-BoldItalic.ttf */; };
		AF1FAC5D2C79CEDD00654FB7 /* Roboto-Medium.ttf in Resources */ = {isa = PBXBuildFile; fileRef = AF1FAC512C79CEDD00654FB7 /* Roboto-Medium.ttf */; };
		AF1FAC5E2C79CEDD00654FB7 /* Roboto-MediumItalic.ttf in Resources */ = {isa = PBXBuildFile; fileRef = AF1FAC522C79CEDD00654FB7 /* Roboto-MediumItalic.ttf */; };
		AF1FAC5F2C79CEDD00654FB7 /* Roboto-Italic.ttf in Resources */ = {isa = PBXBuildFile; fileRef = AF1FAC532C79CEDD00654FB7 /* Roboto-Italic.ttf */; };
		AF1FAC602C79CEDD00654FB7 /* Roboto-ThinItalic.ttf in Resources */ = {isa = PBXBuildFile; fileRef = AF1FAC542C79CEDD00654FB7 /* Roboto-ThinItalic.ttf */; };
		AF1FAC612C79CEDD00654FB7 /* Roboto-Bold.ttf in Resources */ = {isa = PBXBuildFile; fileRef = AF1FAC552C79CEDD00654FB7 /* Roboto-Bold.ttf */; };
		AF1FAC622C79CEDD00654FB7 /* Roboto-Black.ttf in Resources */ = {isa = PBXBuildFile; fileRef = AF1FAC562C79CEDD00654FB7 /* Roboto-Black.ttf */; };
		AF2F85C22C9AA26D004B0B31 /* BannerModel.swift in Sources */ = {isa = PBXBuildFile; fileRef = AF2F85C12C9AA26D004B0B31 /* BannerModel.swift */; };
		AF2F85C42C9AA2B4004B0B31 /* MerchantModel.swift in Sources */ = {isa = PBXBuildFile; fileRef = AF2F85C32C9AA2B4004B0B31 /* MerchantModel.swift */; };
		AF2F85C62C9AA30E004B0B31 /* PackageModel.swift in Sources */ = {isa = PBXBuildFile; fileRef = AF2F85C52C9AA30E004B0B31 /* PackageModel.swift */; };
		AF2F85C82C9AA324004B0B31 /* MerchantStoreModel.swift in Sources */ = {isa = PBXBuildFile; fileRef = AF2F85C72C9AA324004B0B31 /* MerchantStoreModel.swift */; };
		AF2F85CA2C9AA340004B0B31 /* Date.swift in Sources */ = {isa = PBXBuildFile; fileRef = AF2F85C92C9AA340004B0B31 /* Date.swift */; };
		AF2F85CC2C9BB7F1004B0B31 /* LogoNavItem.swift in Sources */ = {isa = PBXBuildFile; fileRef = AF2F85CB2C9BB7F1004B0B31 /* LogoNavItem.swift */; };
		AF2F85CE2C9C138B004B0B31 /* MockProductsURLProtocol.swift in Sources */ = {isa = PBXBuildFile; fileRef = AF2F85CD2C9C138B004B0B31 /* MockProductsURLProtocol.swift */; };
		AF2F85D22C9C1760004B0B31 /* MerchantPageViewModel.swift in Sources */ = {isa = PBXBuildFile; fileRef = AF2F85D12C9C1760004B0B31 /* MerchantPageViewModel.swift */; };
		AF2F85D42C9C24C6004B0B31 /* MockMerchantStoresURLProtocol.swift in Sources */ = {isa = PBXBuildFile; fileRef = AF2F85D32C9C24C6004B0B31 /* MockMerchantStoresURLProtocol.swift */; };
		AF2F85D72C9C4629004B0B31 /* Package.swift in Sources */ = {isa = PBXBuildFile; fileRef = AF2F85D62C9C4629004B0B31 /* Package.swift */; };
		AF2F85D92C9C4652004B0B31 /* Banner.swift in Sources */ = {isa = PBXBuildFile; fileRef = AF2F85D82C9C4652004B0B31 /* Banner.swift */; };
		AF2F85DB2C9C467B004B0B31 /* Merchant.swift in Sources */ = {isa = PBXBuildFile; fileRef = AF2F85DA2C9C467B004B0B31 /* Merchant.swift */; };
		AF2F85DD2C9C46B5004B0B31 /* MerchantStore.swift in Sources */ = {isa = PBXBuildFile; fileRef = AF2F85DC2C9C46B5004B0B31 /* MerchantStore.swift */; };
		AF2F85E02C9C52CC004B0B31 /* PackageCard.swift in Sources */ = {isa = PBXBuildFile; fileRef = AF2F85DF2C9C52CC004B0B31 /* PackageCard.swift */; };
		AF2F85E22C9C5310004B0B31 /* Skeletonable.swift in Sources */ = {isa = PBXBuildFile; fileRef = AF2F85E12C9C5310004B0B31 /* Skeletonable.swift */; };
		AF2F85E42C9C5337004B0B31 /* MerchantCard.swift in Sources */ = {isa = PBXBuildFile; fileRef = AF2F85E32C9C5337004B0B31 /* MerchantCard.swift */; };
		AF2F85E62C9C5354004B0B31 /* ReferalCard.swift in Sources */ = {isa = PBXBuildFile; fileRef = AF2F85E52C9C5354004B0B31 /* ReferalCard.swift */; };
		AF3022C62CA18C62006DBCAD /* Cart.swift in Sources */ = {isa = PBXBuildFile; fileRef = AF3022C52CA18C62006DBCAD /* Cart.swift */; };
		AF3022C82CA2B51B006DBCAD /* CartButton.swift in Sources */ = {isa = PBXBuildFile; fileRef = AF3022C72CA2B51B006DBCAD /* CartButton.swift */; };
		AF3022CB2CA2BA03006DBCAD /* CheckoutViewModel.swift in Sources */ = {isa = PBXBuildFile; fileRef = AF3022CA2CA2BA03006DBCAD /* CheckoutViewModel.swift */; };
		AF3022CD2CA5584E006DBCAD /* LocationManager.swift in Sources */ = {isa = PBXBuildFile; fileRef = AF3022CC2CA5584E006DBCAD /* LocationManager.swift */; };
		AF3022CF2CA66CC6006DBCAD /* StateView.swift in Sources */ = {isa = PBXBuildFile; fileRef = AF3022CE2CA66CC6006DBCAD /* StateView.swift */; };
		AF3022D12CA9850D006DBCAD /* ContentErrorView.swift in Sources */ = {isa = PBXBuildFile; fileRef = AF3022D02CA9850D006DBCAD /* ContentErrorView.swift */; };
		AF3022D32CAA4894006DBCAD /* OrderModel.swift in Sources */ = {isa = PBXBuildFile; fileRef = AF3022D22CAA4894006DBCAD /* OrderModel.swift */; };
		AF3022D52CAA48C7006DBCAD /* OrderItemModel.swift in Sources */ = {isa = PBXBuildFile; fileRef = AF3022D42CAA48C7006DBCAD /* OrderItemModel.swift */; };
		AF3022D72CAA48D7006DBCAD /* OrderItemSnapshotModel.swift in Sources */ = {isa = PBXBuildFile; fileRef = AF3022D62CAA48D7006DBCAD /* OrderItemSnapshotModel.swift */; };
		AF3022DA2CAA75EF006DBCAD /* MyWalletViewModel.swift in Sources */ = {isa = PBXBuildFile; fileRef = AF3022D92CAA75EF006DBCAD /* MyWalletViewModel.swift */; };
		AF501F242C942CDF00637042 /* GoogleService-Info.plist in Resources */ = {isa = PBXBuildFile; fileRef = AF501F232C942CDF00637042 /* GoogleService-Info.plist */; };
		AF501F272C945D7C00637042 /* API.swift in Sources */ = {isa = PBXBuildFile; fileRef = AF501F262C945D7C00637042 /* API.swift */; };
		AF501F2A2C945F9C00637042 /* Strings.swift in Sources */ = {isa = PBXBuildFile; fileRef = AF501F292C945F9C00637042 /* Strings.swift */; };
		AF501F2C2C94736C00637042 /* AsyncButton.swift in Sources */ = {isa = PBXBuildFile; fileRef = AF501F2B2C94736C00637042 /* AsyncButton.swift */; };
		AF501F2E2C95234C00637042 /* FirebaseAuth.swift in Sources */ = {isa = PBXBuildFile; fileRef = AF501F2D2C95234C00637042 /* FirebaseAuth.swift */; };
		AF501F312C96B56D00637042 /* SplashView.swift in Sources */ = {isa = PBXBuildFile; fileRef = AF501F302C96B56D00637042 /* SplashView.swift */; };
		AF501F332C97EB4A00637042 /* HomeViewModel.swift in Sources */ = {isa = PBXBuildFile; fileRef = AF501F322C97EB4A00637042 /* HomeViewModel.swift */; };
		AF501F362C980FCB00637042 /* HomeSectionModel.swift in Sources */ = {isa = PBXBuildFile; fileRef = AF501F352C980FCB00637042 /* HomeSectionModel.swift */; };
		AF501F382C9813D300637042 /* MockHomeSectionURLProtocol.swift in Sources */ = {isa = PBXBuildFile; fileRef = AF501F372C9813D300637042 /* MockHomeSectionURLProtocol.swift */; };
		AF557FC82C79AAC700AD99A5 /* SweeApp.swift in Sources */ = {isa = PBXBuildFile; fileRef = AF557FC72C79AAC700AD99A5 /* SweeApp.swift */; };
		AF72DFE72C80248200F70387 /* ActivityView.swift in Sources */ = {isa = PBXBuildFile; fileRef = AF72DFE62C80248200F70387 /* ActivityView.swift */; };
		AF72DFE92C81699C00F70387 /* MerchantPageView.swift in Sources */ = {isa = PBXBuildFile; fileRef = AF72DFE82C81699C00F70387 /* MerchantPageView.swift */; };
		AF78C2C42C89681400F8F8DB /* AddChildView.swift in Sources */ = {isa = PBXBuildFile; fileRef = AF78C2C32C89681400F8F8DB /* AddChildView.swift */; };
		AF7DF73B2C79F2B100C3F347 /* TestView.swift in Sources */ = {isa = PBXBuildFile; fileRef = AF7DF73A2C79F2B100C3F347 /* TestView.swift */; };
		AF80222C2C72F39E001274FA /* OnboardingView.swift in Sources */ = {isa = PBXBuildFile; fileRef = AF80222B2C72F39E001274FA /* OnboardingView.swift */; };
		AF80222F2C770C27001274FA /* Colors.swift in Sources */ = {isa = PBXBuildFile; fileRef = AF80222E2C770C27001274FA /* Colors.swift */; };
		AF8022452C785E96001274FA /* Poppins-Italic.ttf in Resources */ = {isa = PBXBuildFile; fileRef = AF8022332C785E95001274FA /* Poppins-Italic.ttf */; };
		AF8022462C785E96001274FA /* Poppins-MediumItalic.ttf in Resources */ = {isa = PBXBuildFile; fileRef = AF8022342C785E95001274FA /* Poppins-MediumItalic.ttf */; };
		AF8022472C785E96001274FA /* Poppins-Regular.ttf in Resources */ = {isa = PBXBuildFile; fileRef = AF8022352C785E95001274FA /* Poppins-Regular.ttf */; };
		AF8022482C785E96001274FA /* Poppins-Medium.ttf in Resources */ = {isa = PBXBuildFile; fileRef = AF8022362C785E95001274FA /* Poppins-Medium.ttf */; };
		AF8022492C785E96001274FA /* Poppins-BoldItalic.ttf in Resources */ = {isa = PBXBuildFile; fileRef = AF8022372C785E95001274FA /* Poppins-BoldItalic.ttf */; };
		AF80224A2C785E96001274FA /* Poppins-SemiBoldItalic.ttf in Resources */ = {isa = PBXBuildFile; fileRef = AF8022382C785E95001274FA /* Poppins-SemiBoldItalic.ttf */; };
		AF80224B2C785E96001274FA /* Poppins-ExtraLightItalic.ttf in Resources */ = {isa = PBXBuildFile; fileRef = AF8022392C785E95001274FA /* Poppins-ExtraLightItalic.ttf */; };
		AF80224C2C785E96001274FA /* Poppins-ExtraBoldItalic.ttf in Resources */ = {isa = PBXBuildFile; fileRef = AF80223A2C785E95001274FA /* Poppins-ExtraBoldItalic.ttf */; };
		AF80224D2C785E96001274FA /* Poppins-Thin.ttf in Resources */ = {isa = PBXBuildFile; fileRef = AF80223B2C785E95001274FA /* Poppins-Thin.ttf */; };
		AF80224E2C785E96001274FA /* Poppins-ThinItalic.ttf in Resources */ = {isa = PBXBuildFile; fileRef = AF80223C2C785E95001274FA /* Poppins-ThinItalic.ttf */; };
		AF80224F2C785E96001274FA /* Poppins-Bold.ttf in Resources */ = {isa = PBXBuildFile; fileRef = AF80223D2C785E95001274FA /* Poppins-Bold.ttf */; };
		AF8022502C785E96001274FA /* Poppins-ExtraBold.ttf in Resources */ = {isa = PBXBuildFile; fileRef = AF80223E2C785E95001274FA /* Poppins-ExtraBold.ttf */; };
		AF8022512C785E96001274FA /* Poppins-LightItalic.ttf in Resources */ = {isa = PBXBuildFile; fileRef = AF80223F2C785E95001274FA /* Poppins-LightItalic.ttf */; };
		AF8022522C785E96001274FA /* Poppins-Light.ttf in Resources */ = {isa = PBXBuildFile; fileRef = AF8022402C785E95001274FA /* Poppins-Light.ttf */; };
		AF8022532C785E96001274FA /* Poppins-SemiBold.ttf in Resources */ = {isa = PBXBuildFile; fileRef = AF8022412C785E96001274FA /* Poppins-SemiBold.ttf */; };
		AF8022542C785E96001274FA /* Poppins-BlackItalic.ttf in Resources */ = {isa = PBXBuildFile; fileRef = AF8022422C785E96001274FA /* Poppins-BlackItalic.ttf */; };
		AF8022552C785E96001274FA /* Poppins-ExtraLight.ttf in Resources */ = {isa = PBXBuildFile; fileRef = AF8022432C785E96001274FA /* Poppins-ExtraLight.ttf */; };
		AF8022562C785E96001274FA /* Poppins-Black.ttf in Resources */ = {isa = PBXBuildFile; fileRef = AF8022442C785E96001274FA /* Poppins-Black.ttf */; };
		AF82A4632C819B8500E0DD4C /* String.swift in Sources */ = {isa = PBXBuildFile; fileRef = AF82A4622C819B8500E0DD4C /* String.swift */; };
		AF82A4652C8432C700E0DD4C /* ObservableScrollView.swift in Sources */ = {isa = PBXBuildFile; fileRef = AF82A4642C8432C700E0DD4C /* ObservableScrollView.swift */; };
		AF82A4672C84418200E0DD4C /* PackageDetailView.swift in Sources */ = {isa = PBXBuildFile; fileRef = AF82A4662C84418200E0DD4C /* PackageDetailView.swift */; };
		AF8B1E182C8729B600B44D75 /* ZoomoovRedemptionView.swift in Sources */ = {isa = PBXBuildFile; fileRef = AF8B1E172C8729B600B44D75 /* ZoomoovRedemptionView.swift */; };
		AF9AC5682C894D5700B16186 /* JollyfieldRedemptionView.swift in Sources */ = {isa = PBXBuildFile; fileRef = AF9AC5672C894D5700B16186 /* JollyfieldRedemptionView.swift */; };
		AFA335C82C92676700883CBB /* AlertsView.swift in Sources */ = {isa = PBXBuildFile; fileRef = AFA335C72C92676700883CBB /* AlertsView.swift */; };
		AFCEC5BA2C7ACEB000D157BE /* UIApplication.swift in Sources */ = {isa = PBXBuildFile; fileRef = AFCEC5B92C7ACEB000D157BE /* UIApplication.swift */; };
		AFCEC5BC2C7AD00F00D157BE /* OtpView.swift in Sources */ = {isa = PBXBuildFile; fileRef = AFCEC5BB2C7AD00F00D157BE /* OtpView.swift */; };
		AFCEC5C02C7C0E9100D157BE /* ButtonStyles.swift in Sources */ = {isa = PBXBuildFile; fileRef = AFCEC5BF2C7C0E9100D157BE /* ButtonStyles.swift */; };
		AFCEC5C22C7C111200D157BE /* CompleteProfileView.swift in Sources */ = {isa = PBXBuildFile; fileRef = AFCEC5C12C7C111200D157BE /* CompleteProfileView.swift */; };
		AFCEC5C42C7C260B00D157BE /* HomeView.swift in Sources */ = {isa = PBXBuildFile; fileRef = AFCEC5C32C7C260B00D157BE /* HomeView.swift */; };
		AFCEC5C62C7C26EB00D157BE /* MainView.swift in Sources */ = {isa = PBXBuildFile; fileRef = AFCEC5C52C7C26EB00D157BE /* MainView.swift */; };
		AFDB2B522C9131AC00BA75DA /* ProfileView.swift in Sources */ = {isa = PBXBuildFile; fileRef = AFDB2B512C9131AC00BA75DA /* ProfileView.swift */; };
		AFDB90452C8EA256008931DB /* TimeInterval.swift in Sources */ = {isa = PBXBuildFile; fileRef = AFDB90442C8EA256008931DB /* TimeInterval.swift */; };
		AFDB90482C8EDE43008931DB /* CustomNavBarView.swift in Sources */ = {isa = PBXBuildFile; fileRef = AFDB90472C8EDE42008931DB /* CustomNavBarView.swift */; };
		AFDB904A2C8EE077008931DB /* CustomNavBarContainerView.swift in Sources */ = {isa = PBXBuildFile; fileRef = AFDB90492C8EE077008931DB /* CustomNavBarContainerView.swift */; };
		AFDB904C2C8EE190008931DB /* CustomNavView.swift in Sources */ = {isa = PBXBuildFile; fileRef = AFDB904B2C8EE190008931DB /* CustomNavView.swift */; };
		AFDB904E2C8EE2EC008931DB /* CustomNavLink.swift in Sources */ = {isa = PBXBuildFile; fileRef = AFDB904D2C8EE2EC008931DB /* CustomNavLink.swift */; };
		AFDB90502C8EE471008931DB /* CustomNavBarPreferenceKeys.swift in Sources */ = {isa = PBXBuildFile; fileRef = AFDB904F2C8EE471008931DB /* CustomNavBarPreferenceKeys.swift */; };
		AFDD17342C9DBFEC00DC8DB8 /* SeeAllViewModel.swift in Sources */ = {isa = PBXBuildFile; fileRef = AFDD17332C9DBFEC00DC8DB8 /* SeeAllViewModel.swift */; };
		AFDD17362CA0FD2900DC8DB8 /* PackageDetailModel.swift in Sources */ = {isa = PBXBuildFile; fileRef = AFDD17352CA0FD2900DC8DB8 /* PackageDetailModel.swift */; };
		AFDD17382CA1221D00DC8DB8 /* User.swift in Sources */ = {isa = PBXBuildFile; fileRef = AFDD17372CA1221D00DC8DB8 /* User.swift */; };
		AFDD173B2CA139D100DC8DB8 /* PackageDetailViewModel.swift in Sources */ = {isa = PBXBuildFile; fileRef = AFDD173A2CA139D100DC8DB8 /* PackageDetailViewModel.swift */; };
		AFDD173E2CA1438200DC8DB8 /* MarkdownUI in Frameworks */ = {isa = PBXBuildFile; productRef = AFDD173D2CA1438200DC8DB8 /* MarkdownUI */; };
		AFDD17402CA1846E00DC8DB8 /* StoresView.swift in Sources */ = {isa = PBXBuildFile; fileRef = AFDD173F2CA1846E00DC8DB8 /* StoresView.swift */; };
		AFDF67F72C7E38FB00489D0C /* TextStyles.swift in Sources */ = {isa = PBXBuildFile; fileRef = AFDF67F62C7E38FB00489D0C /* TextStyles.swift */; };
		AFDF67F92C7F4EA900489D0C /* BottomSheet.swift in Sources */ = {isa = PBXBuildFile; fileRef = AFDF67F82C7F4EA900489D0C /* BottomSheet.swift */; };
		AFDF67FB2C7F576C00489D0C /* ObservableWrapper.swift in Sources */ = {isa = PBXBuildFile; fileRef = AFDF67FA2C7F576B00489D0C /* ObservableWrapper.swift */; };
		AFDF67FD2C7F5A6C00489D0C /* SeeAllView.swift in Sources */ = {isa = PBXBuildFile; fileRef = AFDF67FC2C7F5A6C00489D0C /* SeeAllView.swift */; };
		F514815AD254E714A20D5845 /* Pods_Swee.framework in Frameworks */ = {isa = PBXBuildFile; fileRef = 669376952C1EE713F9129744 /* Pods_Swee.framework */; };
/* End PBXBuildFile section */

/* Begin PBXFileReference section */
		669376952C1EE713F9129744 /* Pods_Swee.framework */ = {isa = PBXFileReference; explicitFileType = wrapper.framework; includeInIndex = 0; path = Pods_Swee.framework; sourceTree = BUILT_PRODUCTS_DIR; };
		917C3D03CF12F5C5F725DBA2 /* Pods-Swee.debug.xcconfig */ = {isa = PBXFileReference; includeInIndex = 1; lastKnownFileType = text.xcconfig; name = "Pods-Swee.debug.xcconfig"; path = "Target Support Files/Pods-Swee/Pods-Swee.debug.xcconfig"; sourceTree = "<group>"; };
		AF0558362CABA1F000ABEBA3 /* WalletMerchantModel.swift */ = {isa = PBXFileReference; lastKnownFileType = sourcecode.swift; path = WalletMerchantModel.swift; sourceTree = "<group>"; };
		AF13C84E2CABB83000496B0C /* ZoomoovRedemptionViewModel.swift */ = {isa = PBXFileReference; lastKnownFileType = sourcecode.swift; path = ZoomoovRedemptionViewModel.swift; sourceTree = "<group>"; };
		AF13C8502CABB99000496B0C /* PurchaseModel.swift */ = {isa = PBXFileReference; lastKnownFileType = sourcecode.swift; path = PurchaseModel.swift; sourceTree = "<group>"; };
		AF13C8522CAC10C800496B0C /* RedemptionModel.swift */ = {isa = PBXFileReference; lastKnownFileType = sourcecode.swift; path = RedemptionModel.swift; sourceTree = "<group>"; };
		AF13C8542CAF980300496B0C /* TicketView.swift */ = {isa = PBXFileReference; lastKnownFileType = sourcecode.swift; path = TicketView.swift; sourceTree = "<group>"; };
		AF13C8562CAF98EF00496B0C /* ZoomoovBottomSheet.swift */ = {isa = PBXFileReference; lastKnownFileType = sourcecode.swift; path = ZoomoovBottomSheet.swift; sourceTree = "<group>"; };
		AF13C8582CAFCA9700496B0C /* Redemption.swift */ = {isa = PBXFileReference; lastKnownFileType = sourcecode.swift; path = Redemption.swift; sourceTree = "<group>"; };
		AF13C85A2CAFCAE200496B0C /* Purchase.swift */ = {isa = PBXFileReference; lastKnownFileType = sourcecode.swift; path = Purchase.swift; sourceTree = "<group>"; };
		AF13C85C2CAFCB1000496B0C /* PurchaseProduct.swift */ = {isa = PBXFileReference; lastKnownFileType = sourcecode.swift; path = PurchaseProduct.swift; sourceTree = "<group>"; };
		AF13C85E2CAFCB2900496B0C /* WalletMerchant.swift */ = {isa = PBXFileReference; lastKnownFileType = sourcecode.swift; path = WalletMerchant.swift; sourceTree = "<group>"; };
		AF16A0F72C8567190093CD99 /* CheckoutView.swift */ = {isa = PBXFileReference; lastKnownFileType = sourcecode.swift; path = CheckoutView.swift; sourceTree = "<group>"; };
		AF16A0FA2C86B96F0093CD99 /* Keys.swift */ = {isa = PBXFileReference; lastKnownFileType = sourcecode.swift; path = Keys.swift; sourceTree = "<group>"; };
		AF16A0FC2C86C43A0093CD99 /* MyWalletView.swift */ = {isa = PBXFileReference; lastKnownFileType = sourcecode.swift; path = MyWalletView.swift; sourceTree = "<group>"; };
		AF170AFD2C71C02900544970 /* Swee.app */ = {isa = PBXFileReference; explicitFileType = wrapper.application; includeInIndex = 0; path = Swee.app; sourceTree = BUILT_PRODUCTS_DIR; };
		AF170B092C71C02B00544970 /* Assets.xcassets */ = {isa = PBXFileReference; lastKnownFileType = folder.assetcatalog; path = Assets.xcassets; sourceTree = "<group>"; };
		AF170B0C2C71C02B00544970 /* Base */ = {isa = PBXFileReference; lastKnownFileType = file.storyboard; name = Base; path = Base.lproj/LaunchScreen.storyboard; sourceTree = "<group>"; };
		AF170B0E2C71C02B00544970 /* Info.plist */ = {isa = PBXFileReference; lastKnownFileType = text.plist.xml; path = Info.plist; sourceTree = "<group>"; };
		AF1FAC462C79B0E100654FB7 /* AuthView.swift */ = {isa = PBXFileReference; lastKnownFileType = sourcecode.swift; path = AuthView.swift; sourceTree = "<group>"; };
		AF1FAC482C79B12A00654FB7 /* View.swift */ = {isa = PBXFileReference; lastKnownFileType = sourcecode.swift; path = View.swift; sourceTree = "<group>"; };
		AF1FAC4B2C79CEDD00654FB7 /* Roboto-LightItalic.ttf */ = {isa = PBXFileReference; lastKnownFileType = file; path = "Roboto-LightItalic.ttf"; sourceTree = "<group>"; };
		AF1FAC4C2C79CEDD00654FB7 /* Roboto-Regular.ttf */ = {isa = PBXFileReference; lastKnownFileType = file; path = "Roboto-Regular.ttf"; sourceTree = "<group>"; };
		AF1FAC4D2C79CEDD00654FB7 /* Roboto-Thin.ttf */ = {isa = PBXFileReference; lastKnownFileType = file; path = "Roboto-Thin.ttf"; sourceTree = "<group>"; };
		AF1FAC4E2C79CEDD00654FB7 /* Roboto-Light.ttf */ = {isa = PBXFileReference; lastKnownFileType = file; path = "Roboto-Light.ttf"; sourceTree = "<group>"; };
		AF1FAC4F2C79CEDD00654FB7 /* Roboto-BlackItalic.ttf */ = {isa = PBXFileReference; lastKnownFileType = file; path = "Roboto-BlackItalic.ttf"; sourceTree = "<group>"; };
		AF1FAC502C79CEDD00654FB7 /* Roboto-BoldItalic.ttf */ = {isa = PBXFileReference; lastKnownFileType = file; path = "Roboto-BoldItalic.ttf"; sourceTree = "<group>"; };
		AF1FAC512C79CEDD00654FB7 /* Roboto-Medium.ttf */ = {isa = PBXFileReference; lastKnownFileType = file; path = "Roboto-Medium.ttf"; sourceTree = "<group>"; };
		AF1FAC522C79CEDD00654FB7 /* Roboto-MediumItalic.ttf */ = {isa = PBXFileReference; lastKnownFileType = file; path = "Roboto-MediumItalic.ttf"; sourceTree = "<group>"; };
		AF1FAC532C79CEDD00654FB7 /* Roboto-Italic.ttf */ = {isa = PBXFileReference; lastKnownFileType = file; path = "Roboto-Italic.ttf"; sourceTree = "<group>"; };
		AF1FAC542C79CEDD00654FB7 /* Roboto-ThinItalic.ttf */ = {isa = PBXFileReference; lastKnownFileType = file; path = "Roboto-ThinItalic.ttf"; sourceTree = "<group>"; };
		AF1FAC552C79CEDD00654FB7 /* Roboto-Bold.ttf */ = {isa = PBXFileReference; lastKnownFileType = file; path = "Roboto-Bold.ttf"; sourceTree = "<group>"; };
		AF1FAC562C79CEDD00654FB7 /* Roboto-Black.ttf */ = {isa = PBXFileReference; lastKnownFileType = file; path = "Roboto-Black.ttf"; sourceTree = "<group>"; };
		AF2F85C12C9AA26D004B0B31 /* BannerModel.swift */ = {isa = PBXFileReference; lastKnownFileType = sourcecode.swift; path = BannerModel.swift; sourceTree = "<group>"; };
		AF2F85C32C9AA2B4004B0B31 /* MerchantModel.swift */ = {isa = PBXFileReference; lastKnownFileType = sourcecode.swift; path = MerchantModel.swift; sourceTree = "<group>"; };
		AF2F85C52C9AA30E004B0B31 /* PackageModel.swift */ = {isa = PBXFileReference; lastKnownFileType = sourcecode.swift; path = PackageModel.swift; sourceTree = "<group>"; };
		AF2F85C72C9AA324004B0B31 /* MerchantStoreModel.swift */ = {isa = PBXFileReference; lastKnownFileType = sourcecode.swift; path = MerchantStoreModel.swift; sourceTree = "<group>"; };
		AF2F85C92C9AA340004B0B31 /* Date.swift */ = {isa = PBXFileReference; lastKnownFileType = sourcecode.swift; path = Date.swift; sourceTree = "<group>"; };
		AF2F85CB2C9BB7F1004B0B31 /* LogoNavItem.swift */ = {isa = PBXFileReference; lastKnownFileType = sourcecode.swift; path = LogoNavItem.swift; sourceTree = "<group>"; };
		AF2F85CD2C9C138B004B0B31 /* MockProductsURLProtocol.swift */ = {isa = PBXFileReference; lastKnownFileType = sourcecode.swift; path = MockProductsURLProtocol.swift; sourceTree = "<group>"; };
		AF2F85D12C9C1760004B0B31 /* MerchantPageViewModel.swift */ = {isa = PBXFileReference; lastKnownFileType = sourcecode.swift; path = MerchantPageViewModel.swift; sourceTree = "<group>"; };
		AF2F85D32C9C24C6004B0B31 /* MockMerchantStoresURLProtocol.swift */ = {isa = PBXFileReference; lastKnownFileType = sourcecode.swift; path = MockMerchantStoresURLProtocol.swift; sourceTree = "<group>"; };
		AF2F85D62C9C4629004B0B31 /* Package.swift */ = {isa = PBXFileReference; lastKnownFileType = sourcecode.swift; path = Package.swift; sourceTree = "<group>"; };
		AF2F85D82C9C4652004B0B31 /* Banner.swift */ = {isa = PBXFileReference; lastKnownFileType = sourcecode.swift; path = Banner.swift; sourceTree = "<group>"; };
		AF2F85DA2C9C467B004B0B31 /* Merchant.swift */ = {isa = PBXFileReference; lastKnownFileType = sourcecode.swift; path = Merchant.swift; sourceTree = "<group>"; };
		AF2F85DC2C9C46B5004B0B31 /* MerchantStore.swift */ = {isa = PBXFileReference; lastKnownFileType = sourcecode.swift; path = MerchantStore.swift; sourceTree = "<group>"; };
		AF2F85DF2C9C52CC004B0B31 /* PackageCard.swift */ = {isa = PBXFileReference; lastKnownFileType = sourcecode.swift; path = PackageCard.swift; sourceTree = "<group>"; };
		AF2F85E12C9C5310004B0B31 /* Skeletonable.swift */ = {isa = PBXFileReference; lastKnownFileType = sourcecode.swift; path = Skeletonable.swift; sourceTree = "<group>"; };
		AF2F85E32C9C5337004B0B31 /* MerchantCard.swift */ = {isa = PBXFileReference; lastKnownFileType = sourcecode.swift; path = MerchantCard.swift; sourceTree = "<group>"; };
		AF2F85E52C9C5354004B0B31 /* ReferalCard.swift */ = {isa = PBXFileReference; lastKnownFileType = sourcecode.swift; path = ReferalCard.swift; sourceTree = "<group>"; };
		AF3022C52CA18C62006DBCAD /* Cart.swift */ = {isa = PBXFileReference; lastKnownFileType = sourcecode.swift; path = Cart.swift; sourceTree = "<group>"; };
		AF3022C72CA2B51B006DBCAD /* CartButton.swift */ = {isa = PBXFileReference; lastKnownFileType = sourcecode.swift; path = CartButton.swift; sourceTree = "<group>"; };
		AF3022CA2CA2BA03006DBCAD /* CheckoutViewModel.swift */ = {isa = PBXFileReference; lastKnownFileType = sourcecode.swift; path = CheckoutViewModel.swift; sourceTree = "<group>"; };
		AF3022CC2CA5584E006DBCAD /* LocationManager.swift */ = {isa = PBXFileReference; lastKnownFileType = sourcecode.swift; path = LocationManager.swift; sourceTree = "<group>"; };
		AF3022CE2CA66CC6006DBCAD /* StateView.swift */ = {isa = PBXFileReference; lastKnownFileType = sourcecode.swift; path = StateView.swift; sourceTree = "<group>"; };
		AF3022D02CA9850D006DBCAD /* ContentErrorView.swift */ = {isa = PBXFileReference; lastKnownFileType = sourcecode.swift; path = ContentErrorView.swift; sourceTree = "<group>"; };
		AF3022D22CAA4894006DBCAD /* OrderModel.swift */ = {isa = PBXFileReference; lastKnownFileType = sourcecode.swift; path = OrderModel.swift; sourceTree = "<group>"; };
		AF3022D42CAA48C7006DBCAD /* OrderItemModel.swift */ = {isa = PBXFileReference; lastKnownFileType = sourcecode.swift; path = OrderItemModel.swift; sourceTree = "<group>"; };
		AF3022D62CAA48D7006DBCAD /* OrderItemSnapshotModel.swift */ = {isa = PBXFileReference; lastKnownFileType = sourcecode.swift; path = OrderItemSnapshotModel.swift; sourceTree = "<group>"; };
		AF3022D92CAA75EF006DBCAD /* MyWalletViewModel.swift */ = {isa = PBXFileReference; lastKnownFileType = sourcecode.swift; path = MyWalletViewModel.swift; sourceTree = "<group>"; };
		AF501F232C942CDF00637042 /* GoogleService-Info.plist */ = {isa = PBXFileReference; fileEncoding = 4; lastKnownFileType = text.plist.xml; path = "GoogleService-Info.plist"; sourceTree = "<group>"; };
		AF501F262C945D7C00637042 /* API.swift */ = {isa = PBXFileReference; lastKnownFileType = sourcecode.swift; path = API.swift; sourceTree = "<group>"; };
		AF501F292C945F9C00637042 /* Strings.swift */ = {isa = PBXFileReference; lastKnownFileType = sourcecode.swift; path = Strings.swift; sourceTree = "<group>"; };
		AF501F2B2C94736C00637042 /* AsyncButton.swift */ = {isa = PBXFileReference; lastKnownFileType = sourcecode.swift; path = AsyncButton.swift; sourceTree = "<group>"; };
		AF501F2D2C95234C00637042 /* FirebaseAuth.swift */ = {isa = PBXFileReference; lastKnownFileType = sourcecode.swift; path = FirebaseAuth.swift; sourceTree = "<group>"; };
		AF501F2F2C952FCD00637042 /* Swee.entitlements */ = {isa = PBXFileReference; lastKnownFileType = text.plist.entitlements; path = Swee.entitlements; sourceTree = "<group>"; };
		AF501F302C96B56D00637042 /* SplashView.swift */ = {isa = PBXFileReference; lastKnownFileType = sourcecode.swift; path = SplashView.swift; sourceTree = "<group>"; };
		AF501F322C97EB4A00637042 /* HomeViewModel.swift */ = {isa = PBXFileReference; lastKnownFileType = sourcecode.swift; path = HomeViewModel.swift; sourceTree = "<group>"; };
		AF501F352C980FCB00637042 /* HomeSectionModel.swift */ = {isa = PBXFileReference; lastKnownFileType = sourcecode.swift; path = HomeSectionModel.swift; sourceTree = "<group>"; };
		AF501F372C9813D300637042 /* MockHomeSectionURLProtocol.swift */ = {isa = PBXFileReference; lastKnownFileType = sourcecode.swift; path = MockHomeSectionURLProtocol.swift; sourceTree = "<group>"; };
		AF557FC72C79AAC700AD99A5 /* SweeApp.swift */ = {isa = PBXFileReference; lastKnownFileType = sourcecode.swift; path = SweeApp.swift; sourceTree = "<group>"; };
		AF72DFE62C80248200F70387 /* ActivityView.swift */ = {isa = PBXFileReference; lastKnownFileType = sourcecode.swift; path = ActivityView.swift; sourceTree = "<group>"; };
		AF72DFE82C81699C00F70387 /* MerchantPageView.swift */ = {isa = PBXFileReference; lastKnownFileType = sourcecode.swift; path = MerchantPageView.swift; sourceTree = "<group>"; };
		AF78C2C32C89681400F8F8DB /* AddChildView.swift */ = {isa = PBXFileReference; lastKnownFileType = sourcecode.swift; path = AddChildView.swift; sourceTree = "<group>"; };
		AF7DF73A2C79F2B100C3F347 /* TestView.swift */ = {isa = PBXFileReference; lastKnownFileType = sourcecode.swift; path = TestView.swift; sourceTree = "<group>"; };
		AF80222B2C72F39E001274FA /* OnboardingView.swift */ = {isa = PBXFileReference; lastKnownFileType = sourcecode.swift; path = OnboardingView.swift; sourceTree = "<group>"; };
		AF80222E2C770C27001274FA /* Colors.swift */ = {isa = PBXFileReference; lastKnownFileType = sourcecode.swift; path = Colors.swift; sourceTree = "<group>"; };
		AF8022332C785E95001274FA /* Poppins-Italic.ttf */ = {isa = PBXFileReference; lastKnownFileType = file; path = "Poppins-Italic.ttf"; sourceTree = "<group>"; };
		AF8022342C785E95001274FA /* Poppins-MediumItalic.ttf */ = {isa = PBXFileReference; lastKnownFileType = file; path = "Poppins-MediumItalic.ttf"; sourceTree = "<group>"; };
		AF8022352C785E95001274FA /* Poppins-Regular.ttf */ = {isa = PBXFileReference; lastKnownFileType = file; path = "Poppins-Regular.ttf"; sourceTree = "<group>"; };
		AF8022362C785E95001274FA /* Poppins-Medium.ttf */ = {isa = PBXFileReference; lastKnownFileType = file; path = "Poppins-Medium.ttf"; sourceTree = "<group>"; };
		AF8022372C785E95001274FA /* Poppins-BoldItalic.ttf */ = {isa = PBXFileReference; lastKnownFileType = file; path = "Poppins-BoldItalic.ttf"; sourceTree = "<group>"; };
		AF8022382C785E95001274FA /* Poppins-SemiBoldItalic.ttf */ = {isa = PBXFileReference; lastKnownFileType = file; path = "Poppins-SemiBoldItalic.ttf"; sourceTree = "<group>"; };
		AF8022392C785E95001274FA /* Poppins-ExtraLightItalic.ttf */ = {isa = PBXFileReference; lastKnownFileType = file; path = "Poppins-ExtraLightItalic.ttf"; sourceTree = "<group>"; };
		AF80223A2C785E95001274FA /* Poppins-ExtraBoldItalic.ttf */ = {isa = PBXFileReference; lastKnownFileType = file; path = "Poppins-ExtraBoldItalic.ttf"; sourceTree = "<group>"; };
		AF80223B2C785E95001274FA /* Poppins-Thin.ttf */ = {isa = PBXFileReference; lastKnownFileType = file; path = "Poppins-Thin.ttf"; sourceTree = "<group>"; };
		AF80223C2C785E95001274FA /* Poppins-ThinItalic.ttf */ = {isa = PBXFileReference; lastKnownFileType = file; path = "Poppins-ThinItalic.ttf"; sourceTree = "<group>"; };
		AF80223D2C785E95001274FA /* Poppins-Bold.ttf */ = {isa = PBXFileReference; lastKnownFileType = file; path = "Poppins-Bold.ttf"; sourceTree = "<group>"; };
		AF80223E2C785E95001274FA /* Poppins-ExtraBold.ttf */ = {isa = PBXFileReference; lastKnownFileType = file; path = "Poppins-ExtraBold.ttf"; sourceTree = "<group>"; };
		AF80223F2C785E95001274FA /* Poppins-LightItalic.ttf */ = {isa = PBXFileReference; lastKnownFileType = file; path = "Poppins-LightItalic.ttf"; sourceTree = "<group>"; };
		AF8022402C785E95001274FA /* Poppins-Light.ttf */ = {isa = PBXFileReference; lastKnownFileType = file; path = "Poppins-Light.ttf"; sourceTree = "<group>"; };
		AF8022412C785E96001274FA /* Poppins-SemiBold.ttf */ = {isa = PBXFileReference; lastKnownFileType = file; path = "Poppins-SemiBold.ttf"; sourceTree = "<group>"; };
		AF8022422C785E96001274FA /* Poppins-BlackItalic.ttf */ = {isa = PBXFileReference; lastKnownFileType = file; path = "Poppins-BlackItalic.ttf"; sourceTree = "<group>"; };
		AF8022432C785E96001274FA /* Poppins-ExtraLight.ttf */ = {isa = PBXFileReference; lastKnownFileType = file; path = "Poppins-ExtraLight.ttf"; sourceTree = "<group>"; };
		AF8022442C785E96001274FA /* Poppins-Black.ttf */ = {isa = PBXFileReference; lastKnownFileType = file; path = "Poppins-Black.ttf"; sourceTree = "<group>"; };
		AF82A4622C819B8500E0DD4C /* String.swift */ = {isa = PBXFileReference; lastKnownFileType = sourcecode.swift; path = String.swift; sourceTree = "<group>"; };
		AF82A4642C8432C700E0DD4C /* ObservableScrollView.swift */ = {isa = PBXFileReference; lastKnownFileType = sourcecode.swift; path = ObservableScrollView.swift; sourceTree = "<group>"; };
		AF82A4662C84418200E0DD4C /* PackageDetailView.swift */ = {isa = PBXFileReference; lastKnownFileType = sourcecode.swift; path = PackageDetailView.swift; sourceTree = "<group>"; };
		AF8B1E172C8729B600B44D75 /* ZoomoovRedemptionView.swift */ = {isa = PBXFileReference; lastKnownFileType = sourcecode.swift; path = ZoomoovRedemptionView.swift; sourceTree = "<group>"; };
		AF9AC5672C894D5700B16186 /* JollyfieldRedemptionView.swift */ = {isa = PBXFileReference; lastKnownFileType = sourcecode.swift; path = JollyfieldRedemptionView.swift; sourceTree = "<group>"; };
		AFA335C72C92676700883CBB /* AlertsView.swift */ = {isa = PBXFileReference; lastKnownFileType = sourcecode.swift; path = AlertsView.swift; sourceTree = "<group>"; };
		AFCEC5B92C7ACEB000D157BE /* UIApplication.swift */ = {isa = PBXFileReference; lastKnownFileType = sourcecode.swift; path = UIApplication.swift; sourceTree = "<group>"; };
		AFCEC5BB2C7AD00F00D157BE /* OtpView.swift */ = {isa = PBXFileReference; lastKnownFileType = sourcecode.swift; path = OtpView.swift; sourceTree = "<group>"; };
		AFCEC5BF2C7C0E9100D157BE /* ButtonStyles.swift */ = {isa = PBXFileReference; lastKnownFileType = sourcecode.swift; path = ButtonStyles.swift; sourceTree = "<group>"; };
		AFCEC5C12C7C111200D157BE /* CompleteProfileView.swift */ = {isa = PBXFileReference; lastKnownFileType = sourcecode.swift; path = CompleteProfileView.swift; sourceTree = "<group>"; };
		AFCEC5C32C7C260B00D157BE /* HomeView.swift */ = {isa = PBXFileReference; lastKnownFileType = sourcecode.swift; path = HomeView.swift; sourceTree = "<group>"; };
		AFCEC5C52C7C26EB00D157BE /* MainView.swift */ = {isa = PBXFileReference; lastKnownFileType = sourcecode.swift; path = MainView.swift; sourceTree = "<group>"; };
		AFDB2B512C9131AC00BA75DA /* ProfileView.swift */ = {isa = PBXFileReference; lastKnownFileType = sourcecode.swift; path = ProfileView.swift; sourceTree = "<group>"; };
		AFDB90442C8EA256008931DB /* TimeInterval.swift */ = {isa = PBXFileReference; lastKnownFileType = sourcecode.swift; path = TimeInterval.swift; sourceTree = "<group>"; };
		AFDB90472C8EDE42008931DB /* CustomNavBarView.swift */ = {isa = PBXFileReference; lastKnownFileType = sourcecode.swift; path = CustomNavBarView.swift; sourceTree = "<group>"; };
		AFDB90492C8EE077008931DB /* CustomNavBarContainerView.swift */ = {isa = PBXFileReference; lastKnownFileType = sourcecode.swift; path = CustomNavBarContainerView.swift; sourceTree = "<group>"; };
		AFDB904B2C8EE190008931DB /* CustomNavView.swift */ = {isa = PBXFileReference; lastKnownFileType = sourcecode.swift; path = CustomNavView.swift; sourceTree = "<group>"; };
		AFDB904D2C8EE2EC008931DB /* CustomNavLink.swift */ = {isa = PBXFileReference; lastKnownFileType = sourcecode.swift; path = CustomNavLink.swift; sourceTree = "<group>"; };
		AFDB904F2C8EE471008931DB /* CustomNavBarPreferenceKeys.swift */ = {isa = PBXFileReference; lastKnownFileType = sourcecode.swift; path = CustomNavBarPreferenceKeys.swift; sourceTree = "<group>"; };
		AFDD17332C9DBFEC00DC8DB8 /* SeeAllViewModel.swift */ = {isa = PBXFileReference; lastKnownFileType = sourcecode.swift; path = SeeAllViewModel.swift; sourceTree = "<group>"; };
		AFDD17352CA0FD2900DC8DB8 /* PackageDetailModel.swift */ = {isa = PBXFileReference; lastKnownFileType = sourcecode.swift; path = PackageDetailModel.swift; sourceTree = "<group>"; };
		AFDD17372CA1221D00DC8DB8 /* User.swift */ = {isa = PBXFileReference; lastKnownFileType = sourcecode.swift; path = User.swift; sourceTree = "<group>"; };
		AFDD173A2CA139D100DC8DB8 /* PackageDetailViewModel.swift */ = {isa = PBXFileReference; lastKnownFileType = sourcecode.swift; path = PackageDetailViewModel.swift; sourceTree = "<group>"; };
		AFDD173F2CA1846E00DC8DB8 /* StoresView.swift */ = {isa = PBXFileReference; lastKnownFileType = sourcecode.swift; path = StoresView.swift; sourceTree = "<group>"; };
		AFDF67F62C7E38FB00489D0C /* TextStyles.swift */ = {isa = PBXFileReference; lastKnownFileType = sourcecode.swift; path = TextStyles.swift; sourceTree = "<group>"; };
		AFDF67F82C7F4EA900489D0C /* BottomSheet.swift */ = {isa = PBXFileReference; lastKnownFileType = sourcecode.swift; path = BottomSheet.swift; sourceTree = "<group>"; };
		AFDF67FA2C7F576B00489D0C /* ObservableWrapper.swift */ = {isa = PBXFileReference; lastKnownFileType = sourcecode.swift; path = ObservableWrapper.swift; sourceTree = "<group>"; };
		AFDF67FC2C7F5A6C00489D0C /* SeeAllView.swift */ = {isa = PBXFileReference; lastKnownFileType = sourcecode.swift; path = SeeAllView.swift; sourceTree = "<group>"; };
		D2B9A208B79A055F506C21FC /* Pods-Swee.release.xcconfig */ = {isa = PBXFileReference; includeInIndex = 1; lastKnownFileType = text.xcconfig; name = "Pods-Swee.release.xcconfig"; path = "Target Support Files/Pods-Swee/Pods-Swee.release.xcconfig"; sourceTree = "<group>"; };
/* End PBXFileReference section */

/* Begin PBXFrameworksBuildPhase section */
		AF170AFA2C71C02900544970 /* Frameworks */ = {
			isa = PBXFrameworksBuildPhase;
			buildActionMask = 2147483647;
			files = (
				F514815AD254E714A20D5845 /* Pods_Swee.framework in Frameworks */,
				AFDD173E2CA1438200DC8DB8 /* MarkdownUI in Frameworks */,
			);
			runOnlyForDeploymentPostprocessing = 0;
		};
/* End PBXFrameworksBuildPhase section */

/* Begin PBXGroup section */
		78065637F006FEC735843AF7 /* Pods */ = {
			isa = PBXGroup;
			children = (
				917C3D03CF12F5C5F725DBA2 /* Pods-Swee.debug.xcconfig */,
				D2B9A208B79A055F506C21FC /* Pods-Swee.release.xcconfig */,
			);
			path = Pods;
			sourceTree = "<group>";
		};
		92D9D0E67A63DA835F2A134D /* Frameworks */ = {
			isa = PBXGroup;
			children = (
				669376952C1EE713F9129744 /* Pods_Swee.framework */,
			);
			name = Frameworks;
			sourceTree = "<group>";
		};
		AF13C84D2CABB81F00496B0C /* ZoomoovRedemption */ = {
			isa = PBXGroup;
			children = (
				AF8B1E172C8729B600B44D75 /* ZoomoovRedemptionView.swift */,
				AF13C84E2CABB83000496B0C /* ZoomoovRedemptionViewModel.swift */,
				AF13C8562CAF98EF00496B0C /* ZoomoovBottomSheet.swift */,
			);
			path = ZoomoovRedemption;
			sourceTree = "<group>";
		};
		AF16A0F92C86B9620093CD99 /* Environment */ = {
			isa = PBXGroup;
			children = (
				AF16A0FA2C86B96F0093CD99 /* Keys.swift */,
			);
			path = Environment;
			sourceTree = "<group>";
		};
		AF170AF42C71C02900544970 = {
			isa = PBXGroup;
			children = (
				AF501F232C942CDF00637042 /* GoogleService-Info.plist */,
				AF170AFF2C71C02900544970 /* Swee */,
				AF170AFE2C71C02900544970 /* Products */,
				78065637F006FEC735843AF7 /* Pods */,
				92D9D0E67A63DA835F2A134D /* Frameworks */,
			);
			sourceTree = "<group>";
		};
		AF170AFE2C71C02900544970 /* Products */ = {
			isa = PBXGroup;
			children = (
				AF170AFD2C71C02900544970 /* Swee.app */,
			);
			name = Products;
			sourceTree = "<group>";
		};
		AF170AFF2C71C02900544970 /* Swee */ = {
			isa = PBXGroup;
			children = (
				AF501F2F2C952FCD00637042 /* Swee.entitlements */,
				AF557FC72C79AAC700AD99A5 /* SweeApp.swift */,
				AF7DF73A2C79F2B100C3F347 /* TestView.swift */,
				AF3022C42CA18C4E006DBCAD /* Singletons */,
				AF3022C32CA18C2B006DBCAD /* Screens */,
				AF501F342C980FBD00637042 /* Models */,
				AF501F282C945F8F00637042 /* Constants */,
				AF501F252C945BB500637042 /* API */,
				AF16A0F92C86B9620093CD99 /* Environment */,
				AFCEC5BD2C7C0E7200D157BE /* UI */,
				AF170B092C71C02B00544970 /* Assets.xcassets */,
				AF170B0B2C71C02B00544970 /* LaunchScreen.storyboard */,
				AF170B0E2C71C02B00544970 /* Info.plist */,
				AF8022302C785E61001274FA /* Resources */,
				AF80222D2C770C12001274FA /* Helpers */,
			);
			path = Swee;
			sourceTree = "<group>";
		};
		AF1FAC4A2C79CED200654FB7 /* Roboto */ = {
			isa = PBXGroup;
			children = (
				AF1FAC562C79CEDD00654FB7 /* Roboto-Black.ttf */,
				AF1FAC4F2C79CEDD00654FB7 /* Roboto-BlackItalic.ttf */,
				AF1FAC552C79CEDD00654FB7 /* Roboto-Bold.ttf */,
				AF1FAC502C79CEDD00654FB7 /* Roboto-BoldItalic.ttf */,
				AF1FAC532C79CEDD00654FB7 /* Roboto-Italic.ttf */,
				AF1FAC4E2C79CEDD00654FB7 /* Roboto-Light.ttf */,
				AF1FAC4B2C79CEDD00654FB7 /* Roboto-LightItalic.ttf */,
				AF1FAC512C79CEDD00654FB7 /* Roboto-Medium.ttf */,
				AF1FAC522C79CEDD00654FB7 /* Roboto-MediumItalic.ttf */,
				AF1FAC4C2C79CEDD00654FB7 /* Roboto-Regular.ttf */,
				AF1FAC4D2C79CEDD00654FB7 /* Roboto-Thin.ttf */,
				AF1FAC542C79CEDD00654FB7 /* Roboto-ThinItalic.ttf */,
			);
			path = Roboto;
			sourceTree = "<group>";
		};
		AF2F85CF2C9C1747004B0B31 /* Home */ = {
			isa = PBXGroup;
			children = (
				AFCEC5C32C7C260B00D157BE /* HomeView.swift */,
				AF501F322C97EB4A00637042 /* HomeViewModel.swift */,
			);
			path = Home;
			sourceTree = "<group>";
		};
		AF2F85D02C9C174F004B0B31 /* MerchantPage */ = {
			isa = PBXGroup;
			children = (
				AF72DFE82C81699C00F70387 /* MerchantPageView.swift */,
				AF2F85D12C9C1760004B0B31 /* MerchantPageViewModel.swift */,
			);
			path = MerchantPage;
			sourceTree = "<group>";
		};
		AF2F85D52C9C4616004B0B31 /* Raw */ = {
			isa = PBXGroup;
			children = (
				AF501F352C980FCB00637042 /* HomeSectionModel.swift */,
				AF2F85C12C9AA26D004B0B31 /* BannerModel.swift */,
				AF2F85C32C9AA2B4004B0B31 /* MerchantModel.swift */,
				AF2F85C52C9AA30E004B0B31 /* PackageModel.swift */,
				AF2F85C72C9AA324004B0B31 /* MerchantStoreModel.swift */,
				AFDD17352CA0FD2900DC8DB8 /* PackageDetailModel.swift */,
				AF3022D22CAA4894006DBCAD /* OrderModel.swift */,
				AF3022D42CAA48C7006DBCAD /* OrderItemModel.swift */,
				AF3022D62CAA48D7006DBCAD /* OrderItemSnapshotModel.swift */,
				AF0558362CABA1F000ABEBA3 /* WalletMerchantModel.swift */,
				AF13C8502CABB99000496B0C /* PurchaseModel.swift */,
				AF13C8522CAC10C800496B0C /* RedemptionModel.swift */,
			);
			path = Raw;
			sourceTree = "<group>";
		};
		AF3022C32CA18C2B006DBCAD /* Screens */ = {
			isa = PBXGroup;
			children = (
				AF9AC5692C8967C000B16186 /* JollyfieldRedemption */,
				AF2F85CF2C9C1747004B0B31 /* Home */,
				AFDD17392CA139C000DC8DB8 /* PackageDetail */,
				AF2F85D02C9C174F004B0B31 /* MerchantPage */,
				AFDD17322C9DBFD200DC8DB8 /* SeeAll */,
				AF3022C92CA2B9F6006DBCAD /* Checkout */,
				AF80222B2C72F39E001274FA /* OnboardingView.swift */,
				AF1FAC462C79B0E100654FB7 /* AuthView.swift */,
				AFCEC5BB2C7AD00F00D157BE /* OtpView.swift */,
				AFCEC5C52C7C26EB00D157BE /* MainView.swift */,
				AF72DFE62C80248200F70387 /* ActivityView.swift */,
				AFCEC5C12C7C111200D157BE /* CompleteProfileView.swift */,
				AF501F302C96B56D00637042 /* SplashView.swift */,
				AF3022D82CAA75CE006DBCAD /* MyWallet */,
				AF13C84D2CABB81F00496B0C /* ZoomoovRedemption */,
				AFDB2B512C9131AC00BA75DA /* ProfileView.swift */,
				AFA335C72C92676700883CBB /* AlertsView.swift */,
			);
			path = Screens;
			sourceTree = "<group>";
		};
		AF3022C42CA18C4E006DBCAD /* Singletons */ = {
			isa = PBXGroup;
			children = (
				AF3022C52CA18C62006DBCAD /* Cart.swift */,
				AF3022CC2CA5584E006DBCAD /* LocationManager.swift */,
			);
			path = Singletons;
			sourceTree = "<group>";
		};
		AF3022C92CA2B9F6006DBCAD /* Checkout */ = {
			isa = PBXGroup;
			children = (
				AF16A0F72C8567190093CD99 /* CheckoutView.swift */,
				AF3022CA2CA2BA03006DBCAD /* CheckoutViewModel.swift */,
			);
			path = Checkout;
			sourceTree = "<group>";
		};
		AF3022D82CAA75CE006DBCAD /* MyWallet */ = {
			isa = PBXGroup;
			children = (
				AF16A0FC2C86C43A0093CD99 /* MyWalletView.swift */,
				AF3022D92CAA75EF006DBCAD /* MyWalletViewModel.swift */,
			);
			path = MyWallet;
			sourceTree = "<group>";
		};
		AF501F252C945BB500637042 /* API */ = {
			isa = PBXGroup;
			children = (
				AF501F262C945D7C00637042 /* API.swift */,
				AF501F372C9813D300637042 /* MockHomeSectionURLProtocol.swift */,
				AF2F85CD2C9C138B004B0B31 /* MockProductsURLProtocol.swift */,
				AF2F85D32C9C24C6004B0B31 /* MockMerchantStoresURLProtocol.swift */,
				AF501F2D2C95234C00637042 /* FirebaseAuth.swift */,
			);
			path = API;
			sourceTree = "<group>";
		};
		AF501F282C945F8F00637042 /* Constants */ = {
			isa = PBXGroup;
			children = (
				AF501F292C945F9C00637042 /* Strings.swift */,
			);
			path = Constants;
			sourceTree = "<group>";
		};
		AF501F342C980FBD00637042 /* Models */ = {
			isa = PBXGroup;
			children = (
				AF2F85D62C9C4629004B0B31 /* Package.swift */,
				AF2F85D82C9C4652004B0B31 /* Banner.swift */,
				AF2F85DA2C9C467B004B0B31 /* Merchant.swift */,
				AF2F85DC2C9C46B5004B0B31 /* MerchantStore.swift */,
				AFDD17372CA1221D00DC8DB8 /* User.swift */,
				AF13C8582CAFCA9700496B0C /* Redemption.swift */,
				AF13C85A2CAFCAE200496B0C /* Purchase.swift */,
				AF13C85C2CAFCB1000496B0C /* PurchaseProduct.swift */,
				AF13C85E2CAFCB2900496B0C /* WalletMerchant.swift */,
				AF2F85D52C9C4616004B0B31 /* Raw */,
			);
			path = Models;
			sourceTree = "<group>";
		};
		AF80222D2C770C12001274FA /* Helpers */ = {
			isa = PBXGroup;
			children = (
				AF80222E2C770C27001274FA /* Colors.swift */,
				AF2F85C92C9AA340004B0B31 /* Date.swift */,
				AF1FAC482C79B12A00654FB7 /* View.swift */,
				AFCEC5B92C7ACEB000D157BE /* UIApplication.swift */,
				AFDF67FA2C7F576B00489D0C /* ObservableWrapper.swift */,
				AF82A4622C819B8500E0DD4C /* String.swift */,
				AFDB90442C8EA256008931DB /* TimeInterval.swift */,
			);
			path = Helpers;
			sourceTree = "<group>";
		};
		AF8022302C785E61001274FA /* Resources */ = {
			isa = PBXGroup;
			children = (
				AF8022312C785E6A001274FA /* Fonts */,
			);
			path = Resources;
			sourceTree = "<group>";
		};
		AF8022312C785E6A001274FA /* Fonts */ = {
			isa = PBXGroup;
			children = (
				AF1FAC4A2C79CED200654FB7 /* Roboto */,
				AF8022322C785E70001274FA /* Poppins */,
			);
			path = Fonts;
			sourceTree = "<group>";
		};
		AF8022322C785E70001274FA /* Poppins */ = {
			isa = PBXGroup;
			children = (
				AF8022442C785E96001274FA /* Poppins-Black.ttf */,
				AF8022422C785E96001274FA /* Poppins-BlackItalic.ttf */,
				AF80223D2C785E95001274FA /* Poppins-Bold.ttf */,
				AF8022372C785E95001274FA /* Poppins-BoldItalic.ttf */,
				AF80223E2C785E95001274FA /* Poppins-ExtraBold.ttf */,
				AF80223A2C785E95001274FA /* Poppins-ExtraBoldItalic.ttf */,
				AF8022432C785E96001274FA /* Poppins-ExtraLight.ttf */,
				AF8022392C785E95001274FA /* Poppins-ExtraLightItalic.ttf */,
				AF8022332C785E95001274FA /* Poppins-Italic.ttf */,
				AF8022402C785E95001274FA /* Poppins-Light.ttf */,
				AF80223F2C785E95001274FA /* Poppins-LightItalic.ttf */,
				AF8022362C785E95001274FA /* Poppins-Medium.ttf */,
				AF8022342C785E95001274FA /* Poppins-MediumItalic.ttf */,
				AF8022352C785E95001274FA /* Poppins-Regular.ttf */,
				AF8022412C785E96001274FA /* Poppins-SemiBold.ttf */,
				AF8022382C785E95001274FA /* Poppins-SemiBoldItalic.ttf */,
				AF80223B2C785E95001274FA /* Poppins-Thin.ttf */,
				AF80223C2C785E95001274FA /* Poppins-ThinItalic.ttf */,
			);
			path = Poppins;
			sourceTree = "<group>";
		};
		AF9AC5692C8967C000B16186 /* JollyfieldRedemption */ = {
			isa = PBXGroup;
			children = (
				AF9AC5672C894D5700B16186 /* JollyfieldRedemptionView.swift */,
				AF78C2C32C89681400F8F8DB /* AddChildView.swift */,
			);
			path = JollyfieldRedemption;
			sourceTree = "<group>";
		};
		AFCEC5BD2C7C0E7200D157BE /* UI */ = {
			isa = PBXGroup;
			children = (
				AFCEC5BE2C7C0E7900D157BE /* Styles */,
				AFDB90462C8EDE32008931DB /* Navigation */,
				AFDF67F82C7F4EA900489D0C /* BottomSheet.swift */,
				AF2F85DF2C9C52CC004B0B31 /* PackageCard.swift */,
				AF2F85CB2C9BB7F1004B0B31 /* LogoNavItem.swift */,
				AF3022D02CA9850D006DBCAD /* ContentErrorView.swift */,
				AF2F85E12C9C5310004B0B31 /* Skeletonable.swift */,
				AFDD173F2CA1846E00DC8DB8 /* StoresView.swift */,
				AF3022C72CA2B51B006DBCAD /* CartButton.swift */,
				AF13C8542CAF980300496B0C /* TicketView.swift */,
				AF3022CE2CA66CC6006DBCAD /* StateView.swift */,
				AF82A4642C8432C700E0DD4C /* ObservableScrollView.swift */,
				AF501F2B2C94736C00637042 /* AsyncButton.swift */,
				AF2F85E32C9C5337004B0B31 /* MerchantCard.swift */,
				AF2F85E52C9C5354004B0B31 /* ReferalCard.swift */,
			);
			path = UI;
			sourceTree = "<group>";
		};
		AFCEC5BE2C7C0E7900D157BE /* Styles */ = {
			isa = PBXGroup;
			children = (
				AFCEC5BF2C7C0E9100D157BE /* ButtonStyles.swift */,
				AFDF67F62C7E38FB00489D0C /* TextStyles.swift */,
			);
			path = Styles;
			sourceTree = "<group>";
		};
		AFDB90462C8EDE32008931DB /* Navigation */ = {
			isa = PBXGroup;
			children = (
				AFDB90472C8EDE42008931DB /* CustomNavBarView.swift */,
				AFDB90492C8EE077008931DB /* CustomNavBarContainerView.swift */,
				AFDB904B2C8EE190008931DB /* CustomNavView.swift */,
				AFDB904D2C8EE2EC008931DB /* CustomNavLink.swift */,
				AFDB904F2C8EE471008931DB /* CustomNavBarPreferenceKeys.swift */,
			);
			path = Navigation;
			sourceTree = "<group>";
		};
		AFDD17322C9DBFD200DC8DB8 /* SeeAll */ = {
			isa = PBXGroup;
			children = (
				AFDF67FC2C7F5A6C00489D0C /* SeeAllView.swift */,
				AFDD17332C9DBFEC00DC8DB8 /* SeeAllViewModel.swift */,
			);
			path = SeeAll;
			sourceTree = "<group>";
		};
		AFDD17392CA139C000DC8DB8 /* PackageDetail */ = {
			isa = PBXGroup;
			children = (
				AF82A4662C84418200E0DD4C /* PackageDetailView.swift */,
				AFDD173A2CA139D100DC8DB8 /* PackageDetailViewModel.swift */,
			);
			path = PackageDetail;
			sourceTree = "<group>";
		};
/* End PBXGroup section */

/* Begin PBXNativeTarget section */
		AF170AFC2C71C02900544970 /* Swee */ = {
			isa = PBXNativeTarget;
			buildConfigurationList = AF170B112C71C02B00544970 /* Build configuration list for PBXNativeTarget "Swee" */;
			buildPhases = (
				653286FAC06F4483955426B8 /* [CP] Check Pods Manifest.lock */,
				AF170AF92C71C02900544970 /* Sources */,
				AF170AFA2C71C02900544970 /* Frameworks */,
				AF170AFB2C71C02900544970 /* Resources */,
				748DEF389B54851786D8986F /* [CP] Embed Pods Frameworks */,
			);
			buildRules = (
			);
			dependencies = (
			);
			name = Swee;
			packageProductDependencies = (
				AFDD173D2CA1438200DC8DB8 /* MarkdownUI */,
			);
			productName = Swee;
			productReference = AF170AFD2C71C02900544970 /* Swee.app */;
			productType = "com.apple.product-type.application";
		};
/* End PBXNativeTarget section */

/* Begin PBXProject section */
		AF170AF52C71C02900544970 /* Project object */ = {
			isa = PBXProject;
			attributes = {
				BuildIndependentTargetsInParallel = 1;
				LastSwiftUpdateCheck = 1540;
				LastUpgradeCheck = 1540;
				TargetAttributes = {
					AF170AFC2C71C02900544970 = {
						CreatedOnToolsVersion = 15.4;
					};
				};
			};
			buildConfigurationList = AF170AF82C71C02900544970 /* Build configuration list for PBXProject "Swee" */;
			compatibilityVersion = "Xcode 14.0";
			developmentRegion = en;
			hasScannedForEncodings = 0;
			knownRegions = (
				en,
				Base,
			);
			mainGroup = AF170AF42C71C02900544970;
			packageReferences = (
				AFDD173C2CA1438200DC8DB8 /* XCRemoteSwiftPackageReference "swift-markdown-ui" */,
			);
			productRefGroup = AF170AFE2C71C02900544970 /* Products */;
			projectDirPath = "";
			projectRoot = "";
			targets = (
				AF170AFC2C71C02900544970 /* Swee */,
			);
		};
/* End PBXProject section */

/* Begin PBXResourcesBuildPhase section */
		AF170AFB2C71C02900544970 /* Resources */ = {
			isa = PBXResourcesBuildPhase;
			buildActionMask = 2147483647;
			files = (
				AF8022552C785E96001274FA /* Poppins-ExtraLight.ttf in Resources */,
				AF1FAC602C79CEDD00654FB7 /* Roboto-ThinItalic.ttf in Resources */,
				AF170B0A2C71C02B00544970 /* Assets.xcassets in Resources */,
				AF8022522C785E96001274FA /* Poppins-Light.ttf in Resources */,
				AF8022562C785E96001274FA /* Poppins-Black.ttf in Resources */,
				AF1FAC622C79CEDD00654FB7 /* Roboto-Black.ttf in Resources */,
				AF8022502C785E96001274FA /* Poppins-ExtraBold.ttf in Resources */,
				AF8022482C785E96001274FA /* Poppins-Medium.ttf in Resources */,
				AF80224B2C785E96001274FA /* Poppins-ExtraLightItalic.ttf in Resources */,
				AF1FAC5F2C79CEDD00654FB7 /* Roboto-Italic.ttf in Resources */,
				AF170B0D2C71C02B00544970 /* Base in Resources */,
				AF1FAC592C79CEDD00654FB7 /* Roboto-Thin.ttf in Resources */,
				AF1FAC5C2C79CEDD00654FB7 /* Roboto-BoldItalic.ttf in Resources */,
				AF8022452C785E96001274FA /* Poppins-Italic.ttf in Resources */,
				AF8022472C785E96001274FA /* Poppins-Regular.ttf in Resources */,
				AF1FAC612C79CEDD00654FB7 /* Roboto-Bold.ttf in Resources */,
				AF8022512C785E96001274FA /* Poppins-LightItalic.ttf in Resources */,
				AF501F242C942CDF00637042 /* GoogleService-Info.plist in Resources */,
				AF1FAC5A2C79CEDD00654FB7 /* Roboto-Light.ttf in Resources */,
				AF80224C2C785E96001274FA /* Poppins-ExtraBoldItalic.ttf in Resources */,
				AF1FAC572C79CEDD00654FB7 /* Roboto-LightItalic.ttf in Resources */,
				AF80224A2C785E96001274FA /* Poppins-SemiBoldItalic.ttf in Resources */,
				AF1FAC5E2C79CEDD00654FB7 /* Roboto-MediumItalic.ttf in Resources */,
				AF80224F2C785E96001274FA /* Poppins-Bold.ttf in Resources */,
				AF80224D2C785E96001274FA /* Poppins-Thin.ttf in Resources */,
				AF1FAC5B2C79CEDD00654FB7 /* Roboto-BlackItalic.ttf in Resources */,
				AF80224E2C785E96001274FA /* Poppins-ThinItalic.ttf in Resources */,
				AF1FAC582C79CEDD00654FB7 /* Roboto-Regular.ttf in Resources */,
				AF8022532C785E96001274FA /* Poppins-SemiBold.ttf in Resources */,
				AF1FAC5D2C79CEDD00654FB7 /* Roboto-Medium.ttf in Resources */,
				AF8022542C785E96001274FA /* Poppins-BlackItalic.ttf in Resources */,
				AF8022462C785E96001274FA /* Poppins-MediumItalic.ttf in Resources */,
				AF8022492C785E96001274FA /* Poppins-BoldItalic.ttf in Resources */,
			);
			runOnlyForDeploymentPostprocessing = 0;
		};
/* End PBXResourcesBuildPhase section */

/* Begin PBXShellScriptBuildPhase section */
		653286FAC06F4483955426B8 /* [CP] Check Pods Manifest.lock */ = {
			isa = PBXShellScriptBuildPhase;
			buildActionMask = 2147483647;
			files = (
			);
			inputFileListPaths = (
			);
			inputPaths = (
				"${PODS_PODFILE_DIR_PATH}/Podfile.lock",
				"${PODS_ROOT}/Manifest.lock",
			);
			name = "[CP] Check Pods Manifest.lock";
			outputFileListPaths = (
			);
			outputPaths = (
				"$(DERIVED_FILE_DIR)/Pods-Swee-checkManifestLockResult.txt",
			);
			runOnlyForDeploymentPostprocessing = 0;
			shellPath = /bin/sh;
			shellScript = "diff \"${PODS_PODFILE_DIR_PATH}/Podfile.lock\" \"${PODS_ROOT}/Manifest.lock\" > /dev/null\nif [ $? != 0 ] ; then\n    # print error to STDERR\n    echo \"error: The sandbox is not in sync with the Podfile.lock. Run 'pod install' or update your CocoaPods installation.\" >&2\n    exit 1\nfi\n# This output is used by Xcode 'outputs' to avoid re-running this script phase.\necho \"SUCCESS\" > \"${SCRIPT_OUTPUT_FILE_0}\"\n";
			showEnvVarsInLog = 0;
		};
		748DEF389B54851786D8986F /* [CP] Embed Pods Frameworks */ = {
			isa = PBXShellScriptBuildPhase;
			buildActionMask = 2147483647;
			files = (
			);
			inputFileListPaths = (
				"${PODS_ROOT}/Target Support Files/Pods-Swee/Pods-Swee-frameworks-${CONFIGURATION}-input-files.xcfilelist",
			);
			name = "[CP] Embed Pods Frameworks";
			outputFileListPaths = (
				"${PODS_ROOT}/Target Support Files/Pods-Swee/Pods-Swee-frameworks-${CONFIGURATION}-output-files.xcfilelist",
			);
			runOnlyForDeploymentPostprocessing = 0;
			shellPath = /bin/sh;
			shellScript = "\"${PODS_ROOT}/Target Support Files/Pods-Swee/Pods-Swee-frameworks.sh\"\n";
			showEnvVarsInLog = 0;
		};
/* End PBXShellScriptBuildPhase section */

/* Begin PBXSourcesBuildPhase section */
		AF170AF92C71C02900544970 /* Sources */ = {
			isa = PBXSourcesBuildPhase;
			buildActionMask = 2147483647;
			files = (
				AF501F2A2C945F9C00637042 /* Strings.swift in Sources */,
				AFCEC5C22C7C111200D157BE /* CompleteProfileView.swift in Sources */,
				AFDD173B2CA139D100DC8DB8 /* PackageDetailViewModel.swift in Sources */,
				AF2F85E22C9C5310004B0B31 /* Skeletonable.swift in Sources */,
				AFA335C82C92676700883CBB /* AlertsView.swift in Sources */,
				AF72DFE92C81699C00F70387 /* MerchantPageView.swift in Sources */,
				AF2F85E42C9C5337004B0B31 /* MerchantCard.swift in Sources */,
				AF3022D52CAA48C7006DBCAD /* OrderItemModel.swift in Sources */,
				AFCEC5C62C7C26EB00D157BE /* MainView.swift in Sources */,
				AF2F85C42C9AA2B4004B0B31 /* MerchantModel.swift in Sources */,
				AFDF67F92C7F4EA900489D0C /* BottomSheet.swift in Sources */,
				AF3022D72CAA48D7006DBCAD /* OrderItemSnapshotModel.swift in Sources */,
				AF13C85D2CAFCB1000496B0C /* PurchaseProduct.swift in Sources */,
				AF501F2E2C95234C00637042 /* FirebaseAuth.swift in Sources */,
				AF2F85C22C9AA26D004B0B31 /* BannerModel.swift in Sources */,
				AF2F85E62C9C5354004B0B31 /* ReferalCard.swift in Sources */,
				AF16A0FB2C86B96F0093CD99 /* Keys.swift in Sources */,
				AFDF67FD2C7F5A6C00489D0C /* SeeAllView.swift in Sources */,
				AFCEC5BA2C7ACEB000D157BE /* UIApplication.swift in Sources */,
				AF78C2C42C89681400F8F8DB /* AddChildView.swift in Sources */,
				AF2F85DD2C9C46B5004B0B31 /* MerchantStore.swift in Sources */,
				AF16A0FD2C86C43A0093CD99 /* MyWalletView.swift in Sources */,
				AF72DFE72C80248200F70387 /* ActivityView.swift in Sources */,
				AFDF67F72C7E38FB00489D0C /* TextStyles.swift in Sources */,
				AF2F85CC2C9BB7F1004B0B31 /* LogoNavItem.swift in Sources */,
				AF3022CF2CA66CC6006DBCAD /* StateView.swift in Sources */,
				AFDD17362CA0FD2900DC8DB8 /* PackageDetailModel.swift in Sources */,
				AF13C8552CAF980300496B0C /* TicketView.swift in Sources */,
				AFDB904A2C8EE077008931DB /* CustomNavBarContainerView.swift in Sources */,
				AF82A4672C84418200E0DD4C /* PackageDetailView.swift in Sources */,
				AF82A4652C8432C700E0DD4C /* ObservableScrollView.swift in Sources */,
				AF13C8592CAFCA9700496B0C /* Redemption.swift in Sources */,
				AF2F85CA2C9AA340004B0B31 /* Date.swift in Sources */,
				AF501F312C96B56D00637042 /* SplashView.swift in Sources */,
				AFDF67FB2C7F576C00489D0C /* ObservableWrapper.swift in Sources */,
				AF9AC5682C894D5700B16186 /* JollyfieldRedemptionView.swift in Sources */,
				AF7DF73B2C79F2B100C3F347 /* TestView.swift in Sources */,
				AF13C8572CAF98EF00496B0C /* ZoomoovBottomSheet.swift in Sources */,
				AF8B1E182C8729B600B44D75 /* ZoomoovRedemptionView.swift in Sources */,
				AF501F332C97EB4A00637042 /* HomeViewModel.swift in Sources */,
				AF16A0F82C8567190093CD99 /* CheckoutView.swift in Sources */,
				AF82A4632C819B8500E0DD4C /* String.swift in Sources */,
				AF2F85DB2C9C467B004B0B31 /* Merchant.swift in Sources */,
				AF2F85CE2C9C138B004B0B31 /* MockProductsURLProtocol.swift in Sources */,
				AF3022C62CA18C62006DBCAD /* Cart.swift in Sources */,
				AF13C85B2CAFCAE200496B0C /* Purchase.swift in Sources */,
				AFCEC5BC2C7AD00F00D157BE /* OtpView.swift in Sources */,
				AF1FAC472C79B0E100654FB7 /* AuthView.swift in Sources */,
				AF3022D12CA9850D006DBCAD /* ContentErrorView.swift in Sources */,
				AF501F382C9813D300637042 /* MockHomeSectionURLProtocol.swift in Sources */,
				AF2F85C82C9AA324004B0B31 /* MerchantStoreModel.swift in Sources */,
				AFDB90452C8EA256008931DB /* TimeInterval.swift in Sources */,
				AF3022DA2CAA75EF006DBCAD /* MyWalletViewModel.swift in Sources */,
				AFDD17382CA1221D00DC8DB8 /* User.swift in Sources */,
				AF2F85D72C9C4629004B0B31 /* Package.swift in Sources */,
				AFDB90502C8EE471008931DB /* CustomNavBarPreferenceKeys.swift in Sources */,
				AFCEC5C02C7C0E9100D157BE /* ButtonStyles.swift in Sources */,
				AF1FAC492C79B12A00654FB7 /* View.swift in Sources */,
				AF3022CB2CA2BA03006DBCAD /* CheckoutViewModel.swift in Sources */,
				AFDB2B522C9131AC00BA75DA /* ProfileView.swift in Sources */,
				AF501F362C980FCB00637042 /* HomeSectionModel.swift in Sources */,
				AFDB904C2C8EE190008931DB /* CustomNavView.swift in Sources */,
				AF80222F2C770C27001274FA /* Colors.swift in Sources */,
				AF3022CD2CA5584E006DBCAD /* LocationManager.swift in Sources */,
				AF2F85D22C9C1760004B0B31 /* MerchantPageViewModel.swift in Sources */,
				AF2F85D42C9C24C6004B0B31 /* MockMerchantStoresURLProtocol.swift in Sources */,
				AFDD17342C9DBFEC00DC8DB8 /* SeeAllViewModel.swift in Sources */,
				AFCEC5C42C7C260B00D157BE /* HomeView.swift in Sources */,
				AF13C8532CAC10C900496B0C /* RedemptionModel.swift in Sources */,
				AFDB904E2C8EE2EC008931DB /* CustomNavLink.swift in Sources */,
				AF13C8512CABB99000496B0C /* PurchaseModel.swift in Sources */,
				AF13C84F2CABB83000496B0C /* ZoomoovRedemptionViewModel.swift in Sources */,
				AF3022C82CA2B51B006DBCAD /* CartButton.swift in Sources */,
				AF2F85D92C9C4652004B0B31 /* Banner.swift in Sources */,
				AF2F85C62C9AA30E004B0B31 /* PackageModel.swift in Sources */,
				AF3022D32CAA4894006DBCAD /* OrderModel.swift in Sources */,
				AFDB90482C8EDE43008931DB /* CustomNavBarView.swift in Sources */,
				AF80222C2C72F39E001274FA /* OnboardingView.swift in Sources */,
				AF501F272C945D7C00637042 /* API.swift in Sources */,
				AF2F85E02C9C52CC004B0B31 /* PackageCard.swift in Sources */,
				AF0558372CABA1F000ABEBA3 /* WalletMerchantModel.swift in Sources */,
				AFDD17402CA1846E00DC8DB8 /* StoresView.swift in Sources */,
				AF501F2C2C94736C00637042 /* AsyncButton.swift in Sources */,
				AF13C85F2CAFCB2900496B0C /* WalletMerchant.swift in Sources */,
				AF557FC82C79AAC700AD99A5 /* SweeApp.swift in Sources */,
			);
			runOnlyForDeploymentPostprocessing = 0;
		};
/* End PBXSourcesBuildPhase section */

/* Begin PBXVariantGroup section */
		AF170B0B2C71C02B00544970 /* LaunchScreen.storyboard */ = {
			isa = PBXVariantGroup;
			children = (
				AF170B0C2C71C02B00544970 /* Base */,
			);
			name = LaunchScreen.storyboard;
			sourceTree = "<group>";
		};
/* End PBXVariantGroup section */

/* Begin XCBuildConfiguration section */
		AF170B0F2C71C02B00544970 /* Debug */ = {
			isa = XCBuildConfiguration;
			buildSettings = {
				ALWAYS_SEARCH_USER_PATHS = NO;
				ASSETCATALOG_COMPILER_GENERATE_SWIFT_ASSET_SYMBOL_EXTENSIONS = YES;
				CLANG_ANALYZER_NONNULL = YES;
				CLANG_ANALYZER_NUMBER_OBJECT_CONVERSION = YES_AGGRESSIVE;
				CLANG_CXX_LANGUAGE_STANDARD = "gnu++20";
				CLANG_ENABLE_MODULES = YES;
				CLANG_ENABLE_OBJC_ARC = YES;
				CLANG_ENABLE_OBJC_WEAK = YES;
				CLANG_WARN_BLOCK_CAPTURE_AUTORELEASING = YES;
				CLANG_WARN_BOOL_CONVERSION = YES;
				CLANG_WARN_COMMA = YES;
				CLANG_WARN_CONSTANT_CONVERSION = YES;
				CLANG_WARN_DEPRECATED_OBJC_IMPLEMENTATIONS = YES;
				CLANG_WARN_DIRECT_OBJC_ISA_USAGE = YES_ERROR;
				CLANG_WARN_DOCUMENTATION_COMMENTS = YES;
				CLANG_WARN_EMPTY_BODY = YES;
				CLANG_WARN_ENUM_CONVERSION = YES;
				CLANG_WARN_INFINITE_RECURSION = YES;
				CLANG_WARN_INT_CONVERSION = YES;
				CLANG_WARN_NON_LITERAL_NULL_CONVERSION = YES;
				CLANG_WARN_OBJC_IMPLICIT_RETAIN_SELF = YES;
				CLANG_WARN_OBJC_LITERAL_CONVERSION = YES;
				CLANG_WARN_OBJC_ROOT_CLASS = YES_ERROR;
				CLANG_WARN_QUOTED_INCLUDE_IN_FRAMEWORK_HEADER = YES;
				CLANG_WARN_RANGE_LOOP_ANALYSIS = YES;
				CLANG_WARN_STRICT_PROTOTYPES = YES;
				CLANG_WARN_SUSPICIOUS_MOVE = YES;
				CLANG_WARN_UNGUARDED_AVAILABILITY = YES_AGGRESSIVE;
				CLANG_WARN_UNREACHABLE_CODE = YES;
				CLANG_WARN__DUPLICATE_METHOD_MATCH = YES;
				COPY_PHASE_STRIP = NO;
				DEBUG_INFORMATION_FORMAT = dwarf;
				ENABLE_STRICT_OBJC_MSGSEND = YES;
				ENABLE_TESTABILITY = YES;
				ENABLE_USER_SCRIPT_SANDBOXING = YES;
				GCC_C_LANGUAGE_STANDARD = gnu17;
				GCC_DYNAMIC_NO_PIC = NO;
				GCC_NO_COMMON_BLOCKS = YES;
				GCC_OPTIMIZATION_LEVEL = 0;
				GCC_PREPROCESSOR_DEFINITIONS = (
					"DEBUG=1",
					"$(inherited)",
				);
				GCC_WARN_64_TO_32_BIT_CONVERSION = YES;
				GCC_WARN_ABOUT_RETURN_TYPE = YES_ERROR;
				GCC_WARN_UNDECLARED_SELECTOR = YES;
				GCC_WARN_UNINITIALIZED_AUTOS = YES_AGGRESSIVE;
				GCC_WARN_UNUSED_FUNCTION = YES;
				GCC_WARN_UNUSED_VARIABLE = YES;
				IPHONEOS_DEPLOYMENT_TARGET = 15.0;
				LOCALIZATION_PREFERS_STRING_CATALOGS = YES;
				MTL_ENABLE_DEBUG_INFO = INCLUDE_SOURCE;
				MTL_FAST_MATH = YES;
				ONLY_ACTIVE_ARCH = YES;
				SDKROOT = iphoneos;
				SWIFT_ACTIVE_COMPILATION_CONDITIONS = "DEBUG $(inherited)";
				SWIFT_OPTIMIZATION_LEVEL = "-Onone";
			};
			name = Debug;
		};
		AF170B102C71C02B00544970 /* Release */ = {
			isa = XCBuildConfiguration;
			buildSettings = {
				ALWAYS_SEARCH_USER_PATHS = NO;
				ASSETCATALOG_COMPILER_GENERATE_SWIFT_ASSET_SYMBOL_EXTENSIONS = YES;
				CLANG_ANALYZER_NONNULL = YES;
				CLANG_ANALYZER_NUMBER_OBJECT_CONVERSION = YES_AGGRESSIVE;
				CLANG_CXX_LANGUAGE_STANDARD = "gnu++20";
				CLANG_ENABLE_MODULES = YES;
				CLANG_ENABLE_OBJC_ARC = YES;
				CLANG_ENABLE_OBJC_WEAK = YES;
				CLANG_WARN_BLOCK_CAPTURE_AUTORELEASING = YES;
				CLANG_WARN_BOOL_CONVERSION = YES;
				CLANG_WARN_COMMA = YES;
				CLANG_WARN_CONSTANT_CONVERSION = YES;
				CLANG_WARN_DEPRECATED_OBJC_IMPLEMENTATIONS = YES;
				CLANG_WARN_DIRECT_OBJC_ISA_USAGE = YES_ERROR;
				CLANG_WARN_DOCUMENTATION_COMMENTS = YES;
				CLANG_WARN_EMPTY_BODY = YES;
				CLANG_WARN_ENUM_CONVERSION = YES;
				CLANG_WARN_INFINITE_RECURSION = YES;
				CLANG_WARN_INT_CONVERSION = YES;
				CLANG_WARN_NON_LITERAL_NULL_CONVERSION = YES;
				CLANG_WARN_OBJC_IMPLICIT_RETAIN_SELF = YES;
				CLANG_WARN_OBJC_LITERAL_CONVERSION = YES;
				CLANG_WARN_OBJC_ROOT_CLASS = YES_ERROR;
				CLANG_WARN_QUOTED_INCLUDE_IN_FRAMEWORK_HEADER = YES;
				CLANG_WARN_RANGE_LOOP_ANALYSIS = YES;
				CLANG_WARN_STRICT_PROTOTYPES = YES;
				CLANG_WARN_SUSPICIOUS_MOVE = YES;
				CLANG_WARN_UNGUARDED_AVAILABILITY = YES_AGGRESSIVE;
				CLANG_WARN_UNREACHABLE_CODE = YES;
				CLANG_WARN__DUPLICATE_METHOD_MATCH = YES;
				COPY_PHASE_STRIP = NO;
				DEBUG_INFORMATION_FORMAT = "dwarf-with-dsym";
				ENABLE_NS_ASSERTIONS = NO;
				ENABLE_STRICT_OBJC_MSGSEND = YES;
				ENABLE_USER_SCRIPT_SANDBOXING = YES;
				GCC_C_LANGUAGE_STANDARD = gnu17;
				GCC_NO_COMMON_BLOCKS = YES;
				GCC_WARN_64_TO_32_BIT_CONVERSION = YES;
				GCC_WARN_ABOUT_RETURN_TYPE = YES_ERROR;
				GCC_WARN_UNDECLARED_SELECTOR = YES;
				GCC_WARN_UNINITIALIZED_AUTOS = YES_AGGRESSIVE;
				GCC_WARN_UNUSED_FUNCTION = YES;
				GCC_WARN_UNUSED_VARIABLE = YES;
				IPHONEOS_DEPLOYMENT_TARGET = 15.0;
				LOCALIZATION_PREFERS_STRING_CATALOGS = YES;
				MTL_ENABLE_DEBUG_INFO = NO;
				MTL_FAST_MATH = YES;
				SDKROOT = iphoneos;
				SWIFT_COMPILATION_MODE = wholemodule;
				VALIDATE_PRODUCT = YES;
			};
			name = Release;
		};
		AF170B122C71C02B00544970 /* Debug */ = {
			isa = XCBuildConfiguration;
			baseConfigurationReference = 917C3D03CF12F5C5F725DBA2 /* Pods-Swee.debug.xcconfig */;
			buildSettings = {
				ASSETCATALOG_COMPILER_APPICON_NAME = AppIcon;
				ASSETCATALOG_COMPILER_GLOBAL_ACCENT_COLOR_NAME = AccentColor;
				CODE_SIGN_ENTITLEMENTS = Swee/Swee.entitlements;
				CODE_SIGN_STYLE = Automatic;
				CURRENT_PROJECT_VERSION = 7;
				DEVELOPMENT_TEAM = 9M2L2N97YU;
				ENABLE_USER_SCRIPT_SANDBOXING = NO;
				GENERATE_INFOPLIST_FILE = YES;
				INFOPLIST_FILE = Swee/Info.plist;
				INFOPLIST_KEY_CFBundleDisplayName = Green;
				INFOPLIST_KEY_NSLocationWhenInUseUsageDescription = "To show you nearby offers and stores";
				INFOPLIST_KEY_UIApplicationSupportsIndirectInputEvents = YES;
				INFOPLIST_KEY_UILaunchStoryboardName = LaunchScreen;
				INFOPLIST_KEY_UISupportedInterfaceOrientations = UIInterfaceOrientationPortrait;
				INFOPLIST_KEY_UISupportedInterfaceOrientations_iPad = "UIInterfaceOrientationLandscapeLeft UIInterfaceOrientationLandscapeRight UIInterfaceOrientationPortrait UIInterfaceOrientationPortraitUpsideDown";
				INFOPLIST_KEY_UIUserInterfaceStyle = Light;
				IPHONEOS_DEPLOYMENT_TARGET = 15.0;
				LD_RUNPATH_SEARCH_PATHS = (
					"$(inherited)",
					"@executable_path/Frameworks",
				);
				MARKETING_VERSION = 1.0;
				PRODUCT_BUNDLE_IDENTIFIER = com.desjour.fusion;
				PRODUCT_NAME = "$(TARGET_NAME)";
				SUPPORTED_PLATFORMS = "iphoneos iphonesimulator";
				SUPPORTS_MACCATALYST = NO;
				SUPPORTS_MAC_DESIGNED_FOR_IPHONE_IPAD = NO;
				SUPPORTS_XR_DESIGNED_FOR_IPHONE_IPAD = NO;
				SWIFT_EMIT_LOC_STRINGS = YES;
				SWIFT_VERSION = 5.0;
				TARGETED_DEVICE_FAMILY = 1;
			};
			name = Debug;
		};
		AF170B132C71C02B00544970 /* Release */ = {
			isa = XCBuildConfiguration;
			baseConfigurationReference = D2B9A208B79A055F506C21FC /* Pods-Swee.release.xcconfig */;
			buildSettings = {
				ASSETCATALOG_COMPILER_APPICON_NAME = AppIcon;
				ASSETCATALOG_COMPILER_GLOBAL_ACCENT_COLOR_NAME = AccentColor;
				CODE_SIGN_ENTITLEMENTS = Swee/Swee.entitlements;
				CODE_SIGN_STYLE = Automatic;
				CURRENT_PROJECT_VERSION = 7;
				DEVELOPMENT_TEAM = 9M2L2N97YU;
				ENABLE_USER_SCRIPT_SANDBOXING = NO;
				GENERATE_INFOPLIST_FILE = YES;
				INFOPLIST_FILE = Swee/Info.plist;
				INFOPLIST_KEY_CFBundleDisplayName = Green;
				INFOPLIST_KEY_NSLocationWhenInUseUsageDescription = "To show you nearby offers and stores";
				INFOPLIST_KEY_UIApplicationSupportsIndirectInputEvents = YES;
				INFOPLIST_KEY_UILaunchStoryboardName = LaunchScreen;
				INFOPLIST_KEY_UISupportedInterfaceOrientations = UIInterfaceOrientationPortrait;
				INFOPLIST_KEY_UISupportedInterfaceOrientations_iPad = "UIInterfaceOrientationLandscapeLeft UIInterfaceOrientationLandscapeRight UIInterfaceOrientationPortrait UIInterfaceOrientationPortraitUpsideDown";
				INFOPLIST_KEY_UIUserInterfaceStyle = Light;
				IPHONEOS_DEPLOYMENT_TARGET = 15.0;
				LD_RUNPATH_SEARCH_PATHS = (
					"$(inherited)",
					"@executable_path/Frameworks",
				);
				MARKETING_VERSION = 1.0;
				PRODUCT_BUNDLE_IDENTIFIER = com.desjour.fusion;
				PRODUCT_NAME = "$(TARGET_NAME)";
				SUPPORTED_PLATFORMS = "iphoneos iphonesimulator";
				SUPPORTS_MACCATALYST = NO;
				SUPPORTS_MAC_DESIGNED_FOR_IPHONE_IPAD = NO;
				SUPPORTS_XR_DESIGNED_FOR_IPHONE_IPAD = NO;
				SWIFT_EMIT_LOC_STRINGS = YES;
				SWIFT_VERSION = 5.0;
				TARGETED_DEVICE_FAMILY = 1;
			};
			name = Release;
		};
/* End XCBuildConfiguration section */

/* Begin XCConfigurationList section */
		AF170AF82C71C02900544970 /* Build configuration list for PBXProject "Swee" */ = {
			isa = XCConfigurationList;
			buildConfigurations = (
				AF170B0F2C71C02B00544970 /* Debug */,
				AF170B102C71C02B00544970 /* Release */,
			);
			defaultConfigurationIsVisible = 0;
			defaultConfigurationName = Release;
		};
		AF170B112C71C02B00544970 /* Build configuration list for PBXNativeTarget "Swee" */ = {
			isa = XCConfigurationList;
			buildConfigurations = (
				AF170B122C71C02B00544970 /* Debug */,
				AF170B132C71C02B00544970 /* Release */,
			);
			defaultConfigurationIsVisible = 0;
			defaultConfigurationName = Release;
		};
/* End XCConfigurationList section */

/* Begin XCRemoteSwiftPackageReference section */
		AFDD173C2CA1438200DC8DB8 /* XCRemoteSwiftPackageReference "swift-markdown-ui" */ = {
			isa = XCRemoteSwiftPackageReference;
			repositoryURL = "https://github.com/gonzalezreal/swift-markdown-ui";
			requirement = {
				kind = upToNextMajorVersion;
				minimumVersion = 2.4.0;
			};
		};
/* End XCRemoteSwiftPackageReference section */

/* Begin XCSwiftPackageProductDependency section */
		AFDD173D2CA1438200DC8DB8 /* MarkdownUI */ = {
			isa = XCSwiftPackageProductDependency;
			package = AFDD173C2CA1438200DC8DB8 /* XCRemoteSwiftPackageReference "swift-markdown-ui" */;
			productName = MarkdownUI;
		};
/* End XCSwiftPackageProductDependency section */
	};
	rootObject = AF170AF52C71C02900544970 /* Project object */;
}
